PODS:
  - SHSafeProtectKit (0.0.1):
    - SHSafeProtectKit/Core (= 0.0.1)
    - SHSafeProtectKit/Foundation (= 0.0.1)
    - SHSafeProtectKit/MRC (= 0.0.1)
  - SHSafeProtectKit/Core (0.0.1)
  - SHSafeProtectKit/Foundation (0.0.1):
    - SHSafeProtectKit/Core
  - SHSafeProtectKit/MRC (0.0.1):
    - SHSafeProtectKit/Core
    - SHSafeProtectKit/Foundation

DEPENDENCIES:
  - SHSafeProtectKit (from `../`)

EXTERNAL SOURCES:
  SHSafeProtectKit:
    :path: ../

SPEC CHECKSUMS:
  SHSafeProtectKit: 2b51d7cf8e9561dabd887e10f294d7186ddf8bd8

PODFILE CHECKSUM: 0c3d13d51676474176521f1c20c3d12857bb9ac8

COCOAPODS: 1.4.0
